{
    "_meta": {
        "hash": {
            "sha256": "6e893c5c8645def86c187ef0c707515566007d3a88066d6a02f7b2c33ad6e45e"
        },
        "pipfile-spec": 6,
        "requires": {
            "python_version": "3.7"
        },
        "sources": [
            {
                "name": "pypi",
                "url": "https://pypi.org/simple",
                "verify_ssl": true
            }
        ]
    },
    "default": {
        "certifi": {
            "hashes": [
                "sha256:e4f3620cfea4f83eedc95b24abd9cd56f3c4b146dd0177e83a21b4eb49e21e50",
                "sha256:fd7c7c74727ddcf00e9acd26bba8da604ffec95bf1c2144e67aff7a8b50e6cef"
            ],
            "version": "==2019.9.11"
        },
        "chardet": {
            "hashes": [
                "sha256:84ab92ed1c4d4f16916e05906b6b75a6c0fb5db821cc65e70cbd64a3e2a5eaae",
                "sha256:fc323ffcaeaed0e0a02bf4d117757b98aed530d9ed4531e3e15460124c106691"
            ],
            "version": "==3.0.4"
        },
        "idna": {
            "hashes": [
                "sha256:156a6814fb5ac1fc6850fb002e0852d56c0c8d2531923a51032d1b70760e186e",
                "sha256:684a38a6f903c1d71d6d5fac066b58d7768af4de2b832e426ec79c30daa94a16"
            ],
            "version": "==2.7"
        },
        "lupa": {
            "hashes": [
                "sha256:0be7aec71a1ddb8596d161bbd9d89e20425ea5160a8f2c85e6935b64ba4e2ec4",
                "sha256:1b8430f77f967693e70fab053d8703b5866cbf0a01f54927e4d3833e2f9fdfea",
                "sha256:2134414578de62eda534f556d53c8b65323696a268dc8f9b2dd4301801f11947",
                "sha256:317e022a4993d59fbcbf7403eee8725c9dc6733f22a68fa01aa8765fdbd24c93",
                "sha256:3400839666f2944add57a899eac819bf1453386cc3ed6027f1ffbab3cfc8aba6",
                "sha256:34764bcabf9e4c296ce26cc2588556976d1e03b5846fdc55d56c85d1a4a1e330",
                "sha256:3f7715c69a478339622b5a5041621e9f67a1358e2b75828a5bb12e7013b30714",
                "sha256:655e1193fe3e982002de6bcdb67eebc3b7560074abece3749e46545e0696e63e",
                "sha256:6840775e67c47e950244b9e787beb8f73bb35ceabd5a57a92228cdeef232a09f",
                "sha256:6dee64eabde4210946feac49dd8643101d753ef9286347fdea4d36098db85682",
                "sha256:6e1e43bcba3a9d1589377d15fcd6b32493236a019caab9abd0619e8007718534",
                "sha256:7139ade01fb214ade7f934e977e2df35e8da0018d4da00c10c80485acc8c18ac",
                "sha256:8118579aceb881462475dc4a8102681ade49d54d12cbd88b3da39a74ee3a2e0a",
                "sha256:8cdfa4918ab188658fec7df952211bc89e7accd28ca3202ac1157990b1abc366",
                "sha256:a09ff792292ede44282e7d9c4303aa0bcc192446d2859bef448a04e5fb2a899c",
                "sha256:a162366534d5877ed1595a9d61b526d8d0bfa85d0d00e270d060707b8bec31b0",
                "sha256:bacc143da29915500da93fb6e5bccb5f7f4b9398b5268f1c03852a792958ea5a",
                "sha256:d2d73f6ebf3afc1e8e66d346c97af731496aad15cfd9c27a8a349e9d8f806e77",
                "sha256:dc558376b1711d71540561599d808170aeb95228b79b4712468e90d94c63df61",
                "sha256:e0a4d03f3e3b3b7df657d3d78ed6a6c9db7569e0bb02d5bdff42e8cb534734d9",
                "sha256:e58abc97f72d19b7f2703446736e5c1e3097b796c4b1d51752855dd03eca753d",
                "sha256:ed9e13b159a98905a7498d3d05b5f5fff4a7a9ca36e53afa73ce3715df6c725a",
                "sha256:fac8a800241ae338308cf75e89caae509a5728ba5397c9fecc8c16aec0c4893c"
            ],
            "index": "pypi",
            "version": "==1.7"
        },
        "lxml": {
            "hashes": [
                "sha256:02bc220d61f46e9b9d5a53c361ef95e9f5e1d27171cd461dddb17677ae2289a5",
                "sha256:22f253b542a342755f6cfc047fe4d3a296515cf9b542bc6e261af45a80b8caf6",
                "sha256:2f31145c7ff665b330919bfa44aacd3a0211a76ca7e7b441039d2a0b0451e415",
                "sha256:36720698c29e7a9626a0dc802ef8885f8f0239bfd1689628ecd459a061f2807f",
                "sha256:438a1b0203545521f6616132bfe0f4bca86f8a401364008b30e2b26ec408ce85",
                "sha256:4815892904c336bbaf73dafd54f45f69f4021c22b5bad7332176bbf4fb830568",
                "sha256:5be031b0f15ad63910d8e5038b489d95a79929513b3634ad4babf77100602588",
                "sha256:5c93ae37c3c588e829b037fdfbd64a6e40c901d3f93f7beed6d724c44829a3ad",
                "sha256:60842230678674cdac4a1cf0f707ef12d75b9a4fc4a565add4f710b5fcf185d5",
                "sha256:62939a8bb6758d1bf923aa1c13f0bcfa9bf5b2fc0f5fa917a6e25db5fe0cfa4e",
                "sha256:75830c06a62fe7b8fe3bbb5f269f0b308f19f3949ac81cfd40062f47c1455faf",
                "sha256:81992565b74332c7c1aff6a913a3e906771aa81c9d0c68c68113cffcae45bc53",
                "sha256:8c892fb0ee52c594d9a7751c7d7356056a9682674b92cc1c4dc968ff0f30c52f",
                "sha256:9d862e3cf4fc1f2837dedce9c42269c8c76d027e49820a548ac89fdcee1e361f",
                "sha256:a623965c086a6e91bb703d4da62dabe59fe88888e82c4117d544e11fd74835d6",
                "sha256:a7783ab7f6a508b0510490cef9f857b763d796ba7476d9703f89722928d1e113",
                "sha256:aab09fbe8abfa3b9ce62aaf45aca2d28726b1b9ee44871dbe644050a2fff4940",
                "sha256:abf181934ac3ef193832fb973fd7f6149b5c531903c2ec0f1220941d73eee601",
                "sha256:ae07fa0c115733fce1e9da96a3ac3fa24801742ca17e917e0c79d63a01eeb843",
                "sha256:b9c78242219f674ab645ec571c9a95d70f381319a23911941cd2358a8e0521cf",
                "sha256:bccb267678b870d9782c3b44d0cefe3ba0e329f9af8c946d32bf3778e7a4f271",
                "sha256:c4df4d27f4c93b2cef74579f00b1d3a31a929c7d8023f870c4b476f03a274db4",
                "sha256:caf0e50b546bb60dfa99bb18dfa6748458a83131ecdceaf5c071d74907e7e78a",
                "sha256:d3266bd3ac59ac4edcd5fa75165dee80b94a3e5c91049df5f7c057ccf097551c",
                "sha256:db0d213987bcd4e6d41710fb4532b22315b0d8fb439ff901782234456556aed1",
                "sha256:dbbd5cf7690a40a9f0a9325ab480d0fccf46d16b378eefc08e195d84299bfae1",
                "sha256:e16e07a0ec3a75b5ee61f2b1003c35696738f937dc8148fbda9fe2147ccb6e61",
                "sha256:e175a006725c7faadbe69e791877d09936c0ef2cf49d01b60a6c1efcb0e8be6f",
                "sha256:edd9c13a97f6550f9da2236126bb51c092b3b1ce6187f2bd966533ad794bbb5e",
                "sha256:fa39ea60d527fbdd94215b5e5552f1c6a912624521093f1384a491a8ad89ad8b"
            ],
            "index": "pypi",
            "version": "==4.2.5"
        },
        "requests": {
            "hashes": [
                "sha256:99dcfdaaeb17caf6e526f32b6a7b780461512ab3f1d992187801694cba42770c",
                "sha256:a84b8c9ab6239b578f22d1c21d51b696dcfe004032bb80ea832398d6909d7279"
            ],
            "index": "pypi",
            "version": "==2.20.0"
        },
        "urllib3": {
            "hashes": [
                "sha256:4c291ca23bbb55c76518905869ef34bdd5f0e46af7afe6861e8375643ffee1a0",
                "sha256:9a247273df709c4fedb38c711e44292304f73f39ab01beda9f6b9fc375669ac3"
            ],
            "index": "pypi",
            "version": "==1.24.2"
        }
    },
    "develop": {}
}
